
Microsoft Visual Studio Solution File, Format Version 12.00
# Visual Studio Version 16
VisualStudioVersion = 16.0.30011.22
MinimumVisualStudioVersion = 10.0.40219.1
Project("{FAE04EC0-301F-11D3-BF4B-00C04F79EFBC}") = "TestApp1", "TestApp1\TestApp1.csproj", "{78C9AF48-1C31-4783-B7D7-63A408448621}"
EndProject
Global
	GlobalSection(SolutionConfigurationPlatforms) = preSolution
		Debug|Any CPU = Debug|Any CPU
		Release|Any CPU = Release|Any CPU
	EndGlobalSection
	GlobalSection(ProjectConfigurationPlatforms) = postSolution
		{78C9AF48-1C31-4783-B7D7-63A408448621}.Debug|Any CPU.ActiveCfg = Debug|Any CPU
		{78C9AF48-1C31-4783-B7D7-63A408448621}.Debug|Any CPU.Build.0 = Debug|Any CPU
		{78C9AF48-1C31-4783-B7D7-63A408448621}.Release|Any CPU.ActiveCfg = Release|Any CPU
		{78C9AF48-1C31-4783-B7D7-63A408448621}.Release|Any CPU.Build.0 = Release|Any CPU
	EndGlobalSection
	GlobalSection(SolutionProperties) = preSolution
		HideSolutionNode = FALSE
	EndGlobalSection
	GlobalSection(ExtensibilityGlobals) = postSolution
		SolutionGuid = {2458A64B-B4CF-40B9-A56D-4062F48DBB32}
	EndGlobalSection
EndGlobal
